{
  "name": "0mq-nodejs",
  "version": "1.0.0",
  "lockfileVersion": 1,
  "requires": true,
  "dependencies": {
    "@types/node": {
      "version": "14.14.41",
      "resolved": "https://nexus.nmx.ca/repository/npm/@types/node/-/node-14.14.41.tgz",
      "integrity": "sha512-dueRKfaJL4RTtSa7bWeTK1M+VH+Gns73oCgzvYfHZywRCoPSd8EkXBL0mZ9unPTveBn+D9phZBaxuzpwjWkW0g==",
      "dev": true
    },
    "@types/zeromq": {
      "version": "4.6.3",
      "resolved": "https://nexus.nmx.ca/repository/npm/@types/zeromq/-/zeromq-4.6.3.tgz",
      "integrity": "sha512-nuCaHBIvIi94LJygkHlLXv7dDK9ocNEKvOoa16n/XxXJhQHf5JX8Hd0Aq4fqhmY+2rAcBfsAFmQfqWWMuB7qUQ==",
      "dev": true,
      "requires": {
        "@types/node": "*"
      }
    },
    "nan": {
      "version": "2.14.2",
      "resolved": "https://registry.npmjs.org/nan/-/nan-2.14.2.tgz",
      "integrity": "sha512-M2ufzIiINKCuDfBSAUr1vWQ+vuVcA9kqx8JJUsbQi6yf1uGRyb7HfpdfUr5qLXf3B/t8dPvcjhKMmlfnP47EzQ=="
    },
    "node-gyp-build": {
      "version": "4.2.3",
      "resolved": "https://registry.npmjs.org/node-gyp-build/-/node-gyp-build-4.2.3.tgz",
      "integrity": "sha512-MN6ZpzmfNCRM+3t57PTJHgHyw/h4OWnZ6mR8P5j/uZtqQr46RRuDE/P+g3n0YR/AiYXeWixZZzaip77gdICfRg=="
    },
    "typescript": {
      "version": "4.2.4",
      "resolved": "https://nexus.nmx.ca/repository/npm/typescript/-/typescript-4.2.4.tgz",
      "integrity": "sha512-V+evlYHZnQkaz8TRBuxTA92yZBPotr5H+WhQ7bD3hZUndx5tGOa1fuCgeSjxAzM1RiN5IzvadIXTVefuuwZCRg==",
      "dev": true
    },
    "zeromq": {
      "version": "5.2.6",
      "resolved": "https://registry.npmjs.org/zeromq/-/zeromq-5.2.6.tgz",
      "integrity": "sha512-ZDvzCauSNBrcs05w3oMhVuxG9V8+/NxGBek2fbBVNmuDB/Dk7+pBiogf1WsP1yUw+eQQzwc1smYSG682nA4jzw==",
      "requires": {
        "nan": "2.14.2",
        "node-gyp-build": "^4.2.3"
      }
    }
  }
}
