{
  "name": "0mq-nodejs",
  "version": "1.0.0",
  "lockfileVersion": 1,
  "requires": true,
  "dependencies": {
    "@types/node": {
      "version": "14.14.41",
      "resolved": "https://nexus.nmx.ca/repository/npm/@types/node/-/node-14.14.41.tgz",
      "integrity": "sha512-dueRKfaJL4RTtSa7bWeTK1M+VH+Gns73oCgzvYfHZywRCoPSd8EkXBL0mZ9unPTveBn+D9phZBaxuzpwjWkW0g==",
      "dev": true
    },
    "@types/zeromq": {
      "version": "4.6.3",
      "resolved": "https://nexus.nmx.ca/repository/npm/@types/zeromq/-/zeromq-4.6.3.tgz",
      "integrity": "sha512-nuCaHBIvIi94LJygkHlLXv7dDK9ocNEKvOoa16n/XxXJhQHf5JX8Hd0Aq4fqhmY+2rAcBfsAFmQfqWWMuB7qUQ==",
      "dev": true,
      "requires": {
        "@types/node": "*"
      }
    },
    "node-gyp-build": {
      "version": "4.2.3",
      "resolved": "https://nexus.nmx.ca/repository/npm/node-gyp-build/-/node-gyp-build-4.2.3.tgz",
      "integrity": "sha512-MN6ZpzmfNCRM+3t57PTJHgHyw/h4OWnZ6mR8P5j/uZtqQr46RRuDE/P+g3n0YR/AiYXeWixZZzaip77gdICfRg=="
    },
    "typescript": {
      "version": "4.2.4",
      "resolved": "https://nexus.nmx.ca/repository/npm/typescript/-/typescript-4.2.4.tgz",
      "integrity": "sha512-V+evlYHZnQkaz8TRBuxTA92yZBPotr5H+WhQ7bD3hZUndx5tGOa1fuCgeSjxAzM1RiN5IzvadIXTVefuuwZCRg==",
      "dev": true
    },
    "zeromq": {
      "version": "6.0.0-beta.6",
      "resolved": "https://nexus.nmx.ca/repository/npm/zeromq/-/zeromq-6.0.0-beta.6.tgz",
      "integrity": "sha512-wLf6M7pBHijl+BRltUL2VoDpgbQcOZetiX8UzycHL8CcYFxYnRrpoG5fi3UX3+Umavz1lk4/dGaQez8qiDgr/Q==",
      "requires": {
        "node-gyp-build": "^4.1.0"
      }
    }
  }
}
