# THIS IS AN AUTOGENERATED FILE. DO NOT EDIT THIS FILE DIRECTLY.
# yarn lockfile v1


"@nanometrics/pegasus-harvest-lib@1.3.5":
  version "1.3.5"
  resolved "https://nexus.nmx.ca/repository/npm/@nanometrics/pegasus-harvest-lib/-/pegasus-harvest-lib-1.3.5.tgz#61dfbeccd438ecc212aac6e9f071a81116ae76a1"
  integrity sha512-f/gdOvTIpJq9XS8WnL0s2U31q57fH5WipwGnJmmXJwN+iEJdrt35GjmKV5+lO9JZiRQiuIe9SxlmaXlhF/1xGQ==

"@types/node@*":
  version "14.14.41"
  resolved "https://nexus.nmx.ca/repository/npm/@types/node/-/node-14.14.41.tgz#d0b939d94c1d7bd53d04824af45f1139b8c45615"
  integrity sha512-dueRKfaJL4RTtSa7bWeTK1M+VH+Gns73oCgzvYfHZywRCoPSd8EkXBL0mZ9unPTveBn+D9phZBaxuzpwjWkW0g==

"@types/zeromq@^4.6.3":
  version "4.6.3"
  resolved "https://nexus.nmx.ca/repository/npm/@types/zeromq/-/zeromq-4.6.3.tgz#1d2e7504878bfb6ff289f0cc4edc3066ecb01f32"
  integrity sha512-nuCaHBIvIi94LJygkHlLXv7dDK9ocNEKvOoa16n/XxXJhQHf5JX8Hd0Aq4fqhmY+2rAcBfsAFmQfqWWMuB7qUQ==
  dependencies:
    "@types/node" "*"

bindings@1:
  version "1.5.0"
  resolved "https://nexus.nmx.ca/repository/npm/bindings/-/bindings-1.5.0.tgz#10353c9e945334bc0511a6d90b38fbc7c9c504df"
  integrity sha512-p2q/t/mhvuOj/UeLlV6566GD/guowlr0hHxClI0W9m7MWYkL1F0hLo+0Aexs9HSPCtR1SXQ0TD3MMKrXZajbiQ==
  dependencies:
    file-uri-to-path "1.0.0"

bindings@~1.2.0:
  version "1.2.1"
  resolved "https://nexus.nmx.ca/repository/npm/bindings/-/bindings-1.2.1.tgz#14ad6113812d2d37d72e67b4cacb4bb726505f11"
  integrity sha1-FK1hE4EtLTfXLme0ystLtyZQXxE=

debug@2:
  version "2.6.9"
  resolved "https://nexus.nmx.ca/repository/npm/debug/-/debug-2.6.9.tgz#5d128515df134ff327e90a4c93f4e077a536341f"
  integrity sha512-bC7ElrdJaJnPbAP+1EotYvqZsb3ecl5wi6Bfi6BJTUcNowp6cvspg0jXznRTKDjm/E7AdgFBVeAPVMNcKGsHMA==
  dependencies:
    ms "2.0.0"

dotenv@^8.2.0:
  version "8.2.0"
  resolved "https://nexus.nmx.ca/repository/npm/dotenv/-/dotenv-8.2.0.tgz#97e619259ada750eea3e4ea3e26bceea5424b16a"
  integrity sha512-8sJ78ElpbDJBHNeBzUbUVLsqKdccaa/BXF1uPTw3GrvQTBgrQrtObr2mUrE38vzYd8cEv+m/JBfDLioYcfXoaw==

ffi@^2.3.0:
  version "2.3.0"
  resolved "https://nexus.nmx.ca/repository/npm/ffi/-/ffi-2.3.0.tgz#fa1a7b3d85c0fa8c83d96947a64b5192bc47f858"
  integrity sha512-vkPA9Hf9CVuQ5HeMZykYvrZF2QNJ/iKGLkyDkisBnoOOFeFXZQhUPxBARPBIZMJVulvBI2R+jgofW03gyPpJcQ==
  dependencies:
    bindings "~1.2.0"
    debug "2"
    nan "2"
    ref "1"
    ref-struct "1"

file-uri-to-path@1.0.0:
  version "1.0.0"
  resolved "https://nexus.nmx.ca/repository/npm/file-uri-to-path/-/file-uri-to-path-1.0.0.tgz#553a7b8446ff6f684359c445f1e37a05dacc33dd"
  integrity sha512-0Zt+s3L7Vf1biwWZ29aARiVYLx7iMGnEUl9x33fbB/j3jR81u/O2LbqK+Bm1CDSNDKVtJ/YjwY7TUd5SkeLQLw==

ms@2.0.0:
  version "2.0.0"
  resolved "https://nexus.nmx.ca/repository/npm/ms/-/ms-2.0.0.tgz#5608aeadfc00be6c2901df5f9861788de0d597c8"
  integrity sha1-VgiurfwAvmwpAd9fmGF4jeDVl8g=

nan@2, nan@2.14.2:
  version "2.14.2"
  resolved "https://nexus.nmx.ca/repository/npm/nan/-/nan-2.14.2.tgz#f5376400695168f4cc694ac9393d0c9585eeea19"
  integrity sha512-M2ufzIiINKCuDfBSAUr1vWQ+vuVcA9kqx8JJUsbQi6yf1uGRyb7HfpdfUr5qLXf3B/t8dPvcjhKMmlfnP47EzQ==

node-gyp-build@^4.2.3:
  version "4.2.3"
  resolved "https://nexus.nmx.ca/repository/npm/node-gyp-build/-/node-gyp-build-4.2.3.tgz#ce6277f853835f718829efb47db20f3e4d9c4739"
  integrity sha512-MN6ZpzmfNCRM+3t57PTJHgHyw/h4OWnZ6mR8P5j/uZtqQr46RRuDE/P+g3n0YR/AiYXeWixZZzaip77gdICfRg==

ref-struct@1:
  version "1.1.0"
  resolved "https://nexus.nmx.ca/repository/npm/ref-struct/-/ref-struct-1.1.0.tgz#5d5ee65ad41cefc3a5c5feb40587261e479edc13"
  integrity sha1-XV7mWtQc78Olxf60BYcmHkee3BM=
  dependencies:
    debug "2"
    ref "1"

ref@1:
  version "1.3.5"
  resolved "https://nexus.nmx.ca/repository/npm/ref/-/ref-1.3.5.tgz#0e33f080cdb94a3d95312b2b3b1fd0f82044ca0f"
  integrity sha512-2cBCniTtxcGUjDpvFfVpw323a83/0RLSGJJY5l5lcomZWhYpU2cuLdsvYqMixvsdLJ9+sTdzEkju8J8ZHDM2nA==
  dependencies:
    bindings "1"
    debug "2"
    nan "2"

typescript@^4.2.4:
  version "4.2.4"
  resolved "https://nexus.nmx.ca/repository/npm/typescript/-/typescript-4.2.4.tgz#8610b59747de028fda898a8aef0e103f156d0961"
  integrity sha512-V+evlYHZnQkaz8TRBuxTA92yZBPotr5H+WhQ7bD3hZUndx5tGOa1fuCgeSjxAzM1RiN5IzvadIXTVefuuwZCRg==

zeromq@^5.2.6:
  version "5.2.6"
  resolved "https://nexus.nmx.ca/repository/npm/zeromq/-/zeromq-5.2.6.tgz#3cf593b38ed5bfaeb5b6684bc0f83d0e319e1800"
  integrity sha512-ZDvzCauSNBrcs05w3oMhVuxG9V8+/NxGBek2fbBVNmuDB/Dk7+pBiogf1WsP1yUw+eQQzwc1smYSG682nA4jzw==
  dependencies:
    nan "2.14.2"
    node-gyp-build "^4.2.3"
